
Microsoft Visual Studio Solution File, Format Version 11.00
# Visual Studio 2010
Project("{FAE04EC0-301F-11D3-BF4B-00C04F79EFBC}") = "Codenough.Demos.WinformsMvp.Core", "Codenough.Demos.WinformsMvp.Core\Codenough.Demos.WinformsMvp.Core.csproj", "{C1EFC484-22DC-42A8-A2A0-497523D92FD7}"
EndProject
Project("{FAE04EC0-301F-11D3-BF4B-00C04F79EFBC}") = "Codenough.Demos.WinformsMvp.Application", "Codenough.Demos.WinformsMvp.Application\Codenough.Demos.WinformsMvp.Application.csproj", "{DF8A2519-248F-46D5-8FDB-38479716C67A}"
EndProject
Global
	GlobalSection(SolutionConfigurationPlatforms) = preSolution
		Debug|Any CPU = Debug|Any CPU
		Debug|Mixed Platforms = Debug|Mixed Platforms
		Debug|x86 = Debug|x86
		Release|Any CPU = Release|Any CPU
		Release|Mixed Platforms = Release|Mixed Platforms
		Release|x86 = Release|x86
	EndGlobalSection
	GlobalSection(ProjectConfigurationPlatforms) = postSolution
		{C1EFC484-22DC-42A8-A2A0-497523D92FD7}.Debug|Any CPU.ActiveCfg = Debug|Any CPU
		{C1EFC484-22DC-42A8-A2A0-497523D92FD7}.Debug|Any CPU.Build.0 = Debug|Any CPU
		{C1EFC484-22DC-42A8-A2A0-497523D92FD7}.Debug|Mixed Platforms.ActiveCfg = Debug|Any CPU
		{C1EFC484-22DC-42A8-A2A0-497523D92FD7}.Debug|Mixed Platforms.Build.0 = Debug|Any CPU
		{C1EFC484-22DC-42A8-A2A0-497523D92FD7}.Debug|x86.ActiveCfg = Debug|Any CPU
		{C1EFC484-22DC-42A8-A2A0-497523D92FD7}.Release|Any CPU.ActiveCfg = Release|Any CPU
		{C1EFC484-22DC-42A8-A2A0-497523D92FD7}.Release|Any CPU.Build.0 = Release|Any CPU
		{C1EFC484-22DC-42A8-A2A0-497523D92FD7}.Release|Mixed Platforms.ActiveCfg = Release|Any CPU
		{C1EFC484-22DC-42A8-A2A0-497523D92FD7}.Release|Mixed Platforms.Build.0 = Release|Any CPU
		{C1EFC484-22DC-42A8-A2A0-497523D92FD7}.Release|x86.ActiveCfg = Release|Any CPU
		{DF8A2519-248F-46D5-8FDB-38479716C67A}.Debug|Any CPU.ActiveCfg = Debug|x86
		{DF8A2519-248F-46D5-8FDB-38479716C67A}.Debug|Mixed Platforms.ActiveCfg = Debug|x86
		{DF8A2519-248F-46D5-8FDB-38479716C67A}.Debug|Mixed Platforms.Build.0 = Debug|x86
		{DF8A2519-248F-46D5-8FDB-38479716C67A}.Debug|x86.ActiveCfg = Debug|x86
		{DF8A2519-248F-46D5-8FDB-38479716C67A}.Debug|x86.Build.0 = Debug|x86
		{DF8A2519-248F-46D5-8FDB-38479716C67A}.Release|Any CPU.ActiveCfg = Release|x86
		{DF8A2519-248F-46D5-8FDB-38479716C67A}.Release|Mixed Platforms.ActiveCfg = Release|x86
		{DF8A2519-248F-46D5-8FDB-38479716C67A}.Release|Mixed Platforms.Build.0 = Release|x86
		{DF8A2519-248F-46D5-8FDB-38479716C67A}.Release|x86.ActiveCfg = Release|x86
		{DF8A2519-248F-46D5-8FDB-38479716C67A}.Release|x86.Build.0 = Release|x86
	EndGlobalSection
	GlobalSection(SolutionProperties) = preSolution
		HideSolutionNode = FALSE
	EndGlobalSection
EndGlobal
