
Microsoft Visual Studio Solution File, Format Version 12.00
# Visual Studio 2012
Project("{FAE04EC0-301F-11D3-BF4B-00C04F79EFBC}") = "Codenough.Demos.WinformsMVP", "Codenough.Demos.WinformsMVP\Codenough.Demos.WinformsMVP.csproj", "{BC3BF1BD-AE12-4790-8DFA-ECEBEC10B532}"
EndProject
Global
	GlobalSection(SolutionConfigurationPlatforms) = preSolution
		Debug|Any CPU = Debug|Any CPU
		Release|Any CPU = Release|Any CPU
	EndGlobalSection
	GlobalSection(ProjectConfigurationPlatforms) = postSolution
		{BC3BF1BD-AE12-4790-8DFA-ECEBEC10B532}.Debug|Any CPU.ActiveCfg = Debug|Any CPU
		{BC3BF1BD-AE12-4790-8DFA-ECEBEC10B532}.Debug|Any CPU.Build.0 = Debug|Any CPU
		{BC3BF1BD-AE12-4790-8DFA-ECEBEC10B532}.Release|Any CPU.ActiveCfg = Release|Any CPU
		{BC3BF1BD-AE12-4790-8DFA-ECEBEC10B532}.Release|Any CPU.Build.0 = Release|Any CPU
	EndGlobalSection
	GlobalSection(SolutionProperties) = preSolution
		HideSolutionNode = FALSE
	EndGlobalSection
EndGlobal
